
Microsoft Visual Studio Solution File, Format Version 12.00
# Visual Studio Version 16
VisualStudioVersion = 16.0.30002.166
MinimumVisualStudioVersion = 10.0.40219.1
Project("{FAE04EC0-301F-11D3-BF4B-00C04F79EFBC}") = "CouponWithoutOCP", "CouponWithoutOCP\CouponWithoutOCP.csproj", "{07E5E6BD-49AD-4BED-89F8-4AFDD7C3C44B}"
EndProject
Project("{FAE04EC0-301F-11D3-BF4B-00C04F79EFBC}") = "CouponWithOCP", "CouponWithOCP\CouponWithOCP.csproj", "{3549A80D-88CC-4B22-9295-E2FA1691CBAA}"
EndProject
Global
	GlobalSection(SolutionConfigurationPlatforms) = preSolution
		Debug|Any CPU = Debug|Any CPU
		Release|Any CPU = Release|Any CPU
	EndGlobalSection
	GlobalSection(ProjectConfigurationPlatforms) = postSolution
		{07E5E6BD-49AD-4BED-89F8-4AFDD7C3C44B}.Debug|Any CPU.ActiveCfg = Debug|Any CPU
		{07E5E6BD-49AD-4BED-89F8-4AFDD7C3C44B}.Debug|Any CPU.Build.0 = Debug|Any CPU
		{07E5E6BD-49AD-4BED-89F8-4AFDD7C3C44B}.Release|Any CPU.ActiveCfg = Release|Any CPU
		{07E5E6BD-49AD-4BED-89F8-4AFDD7C3C44B}.Release|Any CPU.Build.0 = Release|Any CPU
		{3549A80D-88CC-4B22-9295-E2FA1691CBAA}.Debug|Any CPU.ActiveCfg = Debug|Any CPU
		{3549A80D-88CC-4B22-9295-E2FA1691CBAA}.Debug|Any CPU.Build.0 = Debug|Any CPU
		{3549A80D-88CC-4B22-9295-E2FA1691CBAA}.Release|Any CPU.ActiveCfg = Release|Any CPU
		{3549A80D-88CC-4B22-9295-E2FA1691CBAA}.Release|Any CPU.Build.0 = Release|Any CPU
	EndGlobalSection
	GlobalSection(SolutionProperties) = preSolution
		HideSolutionNode = FALSE
	EndGlobalSection
	GlobalSection(ExtensibilityGlobals) = postSolution
		SolutionGuid = {CDDA3660-9E8A-4A4A-9E9E-E40A2B5D913F}
	EndGlobalSection
EndGlobal
